
Microsoft Visual Studio Solution File, Format Version 12.00
# Visual Studio Version 16
VisualStudioVersion = 16.0.31624.102
MinimumVisualStudioVersion = 10.0.40219.1
Project("{FAE04EC0-301F-11D3-BF4B-00C04F79EFBC}") = "Project 1", "Project 1\Project 1.csproj", "{0125CB92-7C5A-4A6A-A1E7-3B2CFA39E8C9}"
EndProject
Global
	GlobalSection(SolutionConfigurationPlatforms) = preSolution
		Debug|Any CPU = Debug|Any CPU
		Release|Any CPU = Release|Any CPU
	EndGlobalSection
	GlobalSection(ProjectConfigurationPlatforms) = postSolution
		{0125CB92-7C5A-4A6A-A1E7-3B2CFA39E8C9}.Debug|Any CPU.ActiveCfg = Debug|Any CPU
		{0125CB92-7C5A-4A6A-A1E7-3B2CFA39E8C9}.Debug|Any CPU.Build.0 = Debug|Any CPU
		{0125CB92-7C5A-4A6A-A1E7-3B2CFA39E8C9}.Release|Any CPU.ActiveCfg = Release|Any CPU
		{0125CB92-7C5A-4A6A-A1E7-3B2CFA39E8C9}.Release|Any CPU.Build.0 = Release|Any CPU
	EndGlobalSection
	GlobalSection(SolutionProperties) = preSolution
		HideSolutionNode = FALSE
	EndGlobalSection
	GlobalSection(ExtensibilityGlobals) = postSolution
		SolutionGuid = {49BB502F-C326-44D5-A6DD-59A81EBA5BA3}
	EndGlobalSection
EndGlobal
